{
  "version": 4,
  "terraform_version": "1.9.8",
  "serial": 84,
  "lineage": "b87267d4-1ede-0c15-c3ca-9abcd5cbd3fc",
  "outputs": {},
  "resources": [
    {
      "mode": "managed",
      "type": "google_compute_instance",
      "name": "kube-master-node",
      "provider": "provider[\"registry.terraform.io/hashicorp/google\"]",
      "instances": [
        {
          "schema_version": 6,
          "attributes": {
            "advanced_machine_features": [],
            "allow_stopping_for_update": null,
            "attached_disk": [],
            "boot_disk": [
              {
                "auto_delete": true,
                "device_name": "persistent-disk-0",
                "disk_encryption_key_raw": "",
                "disk_encryption_key_sha256": "",
                "initialize_params": [
                  {
                    "enable_confidential_compute": false,
                    "image": "https://www.googleapis.com/compute/v1/projects/ubuntu-os-cloud/global/images/ubuntu-2204-jammy-v20241119",
                    "labels": {},
                    "provisioned_iops": 0,
                    "provisioned_throughput": 0,
                    "resource_manager_tags": null,
                    "resource_policies": [],
                    "size": 10,
                    "storage_pool": "",
                    "type": "pd-standard"
                  }
                ],
                "interface": "",
                "kms_key_self_link": "",
                "mode": "READ_WRITE",
                "source": "https://www.googleapis.com/compute/v1/projects/trim-field-426016-a8/zones/us-central1-a/disks/kube-master-node"
              }
            ],
            "can_ip_forward": false,
            "confidential_instance_config": [],
            "cpu_platform": "Intel Broadwell",
            "creation_timestamp": "2024-11-23T03:59:03.771-08:00",
            "current_status": "RUNNING",
            "deletion_protection": false,
            "description": "",
            "desired_status": null,
            "effective_labels": {
              "goog-terraform-provisioned": "true"
            },
            "enable_display": false,
            "guest_accelerator": [],
            "hostname": "",
            "id": "projects/trim-field-426016-a8/zones/us-central1-a/instances/kube-master-node",
            "instance_id": "6840705783960468840",
            "key_revocation_action_type": "",
            "label_fingerprint": "vezUS-42LLM=",
            "labels": null,
            "machine_type": "e2-medium",
            "metadata": null,
            "metadata_fingerprint": "XAsL_gid0Qc=",
            "metadata_startup_script": "    #!/bin/bash\n    configure_containerd() {\n      if [ ! -f /etc/modules-load.d/containerd.conf ]; then\n        cat \u003c\u003cEOF | sudo tee /etc/modules-load.d/containerd.conf\noverlay\nbr_netfilter\nEOF\n      fi\n\n      if [ ! -f /etc/sysctl.d/99-kubernetes-cri.conf ]; then\n        cat \u003c\u003cEOF | sudo tee /etc/sysctl.d/99-kubernetes-cri.conf\nnet.bridge.bridge-nf-call-iptables  = 1\nnet.bridge.bridge-nf-call-ip6tables = 1\nnet.ipv4.ip_forward                 = 1\nEOF\n      fi\n\n      sudo modprobe overlay\n      sudo modprobe br_netfilter\n\n      # Reload kernel parameters\n      sudo sysctl --system\n\n      # Configure containerd\n      if [ ! -f /etc/containerd/config.toml ]; then\n        sudo mkdir -p /etc/containerd\n        containerd config default | sudo tee /etc/containerd/config.toml\n        sudo sed -i 's/SystemdCgroup = false/SystemdCgroup = true/g' /etc/containerd/config.toml\n        sudo systemctl restart containerd\n      fi\n    }\n\n    # Remove any preinstalled containerd packages\n    which containerd\n    if [ $? -eq 0 ]; then\n      sudo systemctl stop containerd\n      sudo apt-get remove -y containerd\n      sudo apt-get purge -y containerd\n      sudo apt -y autoremove\n      [ -f /etc/modules-load.d/containerd.conf ] \u0026\u0026 sudo rm /etc/modules-load.d/containerd.conf\n      [ -f /etc/sysctl.d/99-kubernetes-cri.conf ] \u0026\u0026 sudo rm /etc/sysctl.d/99-kubernetes-cri.conf\n      [ -f /etc/containerd/config.toml ] \u0026\u0026 sudo rm /etc/containerd/config.toml\n    else\n      echo \"containerd is not installed.. continuing with installation\"\n    fi\n\n    # Install containerd\n    sudo apt-get update\n    sudo apt-get install -y containerd\n    if [ $? -eq 0 ]; then\n      echo \"containerd installed successfully\"\n      configure_containerd\n    else\n      echo \"Issue with containerd installation - process aborted\"\n      exit 1\n    fi\n\n    # Install Kubernetes Components\n    sudo apt-get install -y apt-transport-https ca-certificates curl gpg\n    curl -fsSL https://pkgs.k8s.io/core:/stable:/v1.29/deb/Release.key | sudo gpg --dearmor -o /etc/apt/keyrings/kubernetes-apt-keyring.gpg\n    echo \"deb [signed-by=/etc/apt/keyrings/kubernetes-apt-keyring.gpg] https://pkgs.k8s.io/core:/stable:/v1.29/deb/ /\" | sudo tee /etc/apt/sources.list.d/kubernetes.list\n    sudo apt-get update\n    sudo apt-get install -y kubelet kubeadm kubectl\n    if [ $? -eq 0 ]; then\n      echo \"Kubernetes components successfully installed\"\n      sudo apt-mark hold kubelet kubeadm kubectl\n    else\n      echo \"Issue installing Kubernetes components - process aborted\"\n      exit 2\n    fi\n\n    # Initialize Kubernetes\n    sudo kubeadm init --ignore-preflight-errors=all\n    mkdir -p $HOME/.kube\n    sudo cp -i /etc/kubernetes/admin.conf $HOME/.kube/config\n    sudo chown $(id -u):$(id -g) $HOME/.kube/config\n\n    # Install Calico network plugin\n    kubectl apply -f https://raw.githubusercontent.com/projectcalico/calico/v3.24.1/manifests/calico.yaml\n",
            "min_cpu_platform": "",
            "name": "kube-master-node",
            "network_interface": [
              {
                "access_config": [
                  {
                    "nat_ip": "35.193.244.247",
                    "network_tier": "PREMIUM",
                    "public_ptr_domain_name": ""
                  }
                ],
                "alias_ip_range": [],
                "internal_ipv6_prefix_length": 0,
                "ipv6_access_config": [],
                "ipv6_access_type": "",
                "ipv6_address": "",
                "name": "nic0",
                "network": "https://www.googleapis.com/compute/v1/projects/trim-field-426016-a8/global/networks/default",
                "network_ip": "10.128.0.20",
                "nic_type": "",
                "queue_count": 0,
                "stack_type": "IPV4_ONLY",
                "subnetwork": "https://www.googleapis.com/compute/v1/projects/trim-field-426016-a8/regions/us-central1/subnetworks/default",
                "subnetwork_project": "trim-field-426016-a8"
              }
            ],
            "network_performance_config": [],
            "params": [],
            "project": "trim-field-426016-a8",
            "reservation_affinity": [],
            "resource_policies": null,
            "scheduling": [
              {
                "automatic_restart": true,
                "instance_termination_action": "",
                "local_ssd_recovery_timeout": [],
                "max_run_duration": [],
                "min_node_cpus": 0,
                "node_affinities": [],
                "on_host_maintenance": "MIGRATE",
                "on_instance_stop_action": [],
                "preemptible": false,
                "provisioning_model": "STANDARD"
              }
            ],
            "scratch_disk": [],
            "self_link": "https://www.googleapis.com/compute/v1/projects/trim-field-426016-a8/zones/us-central1-a/instances/kube-master-node",
            "service_account": [],
            "shielded_instance_config": [
              {
                "enable_integrity_monitoring": true,
                "enable_secure_boot": false,
                "enable_vtpm": true
              }
            ],
            "tags": null,
            "tags_fingerprint": "42WmSpB8rSM=",
            "terraform_labels": {
              "goog-terraform-provisioned": "true"
            },
            "timeouts": null,
            "zone": "us-central1-a"
          },
          "sensitive_attributes": [
            [
              {
                "type": "get_attr",
                "value": "boot_disk"
              },
              {
                "type": "index",
                "value": {
                  "value": 0,
                  "type": "number"
                }
              },
              {
                "type": "get_attr",
                "value": "disk_encryption_key_raw"
              }
            ]
          ],
          "private": "eyJlMmJmYjczMC1lY2FhLTExZTYtOGY4OC0zNDM2M2JjN2M0YzAiOnsiY3JlYXRlIjoxMjAwMDAwMDAwMDAwLCJkZWxldGUiOjEyMDAwMDAwMDAwMDAsInVwZGF0ZSI6MTIwMDAwMDAwMDAwMH0sInNjaGVtYV92ZXJzaW9uIjoiNiJ9"
        }
      ]
    },
    {
      "mode": "managed",
      "type": "google_compute_instance",
      "name": "kube-worker-node",
      "provider": "provider[\"registry.terraform.io/hashicorp/google\"]",
      "instances": [
        {
          "schema_version": 6,
          "attributes": {
            "advanced_machine_features": [],
            "allow_stopping_for_update": null,
            "attached_disk": [],
            "boot_disk": [
              {
                "auto_delete": true,
                "device_name": "persistent-disk-0",
                "disk_encryption_key_raw": "",
                "disk_encryption_key_sha256": "",
                "initialize_params": [
                  {
                    "enable_confidential_compute": false,
                    "image": "https://www.googleapis.com/compute/v1/projects/ubuntu-os-cloud/global/images/ubuntu-2204-jammy-v20241119",
                    "labels": {},
                    "provisioned_iops": 0,
                    "provisioned_throughput": 0,
                    "resource_manager_tags": null,
                    "resource_policies": [],
                    "size": 10,
                    "storage_pool": "",
                    "type": "pd-standard"
                  }
                ],
                "interface": "",
                "kms_key_self_link": "",
                "mode": "READ_WRITE",
                "source": "https://www.googleapis.com/compute/v1/projects/trim-field-426016-a8/zones/us-central1-a/disks/kube-worker-node"
              }
            ],
            "can_ip_forward": false,
            "confidential_instance_config": [],
            "cpu_platform": "Intel Broadwell",
            "creation_timestamp": "2024-11-23T03:59:04.109-08:00",
            "current_status": "RUNNING",
            "deletion_protection": false,
            "description": "",
            "desired_status": null,
            "effective_labels": {
              "goog-terraform-provisioned": "true"
            },
            "enable_display": false,
            "guest_accelerator": [],
            "hostname": "",
            "id": "projects/trim-field-426016-a8/zones/us-central1-a/instances/kube-worker-node",
            "instance_id": "5923990657246723432",
            "key_revocation_action_type": "",
            "label_fingerprint": "vezUS-42LLM=",
            "labels": null,
            "machine_type": "e2-medium",
            "metadata": null,
            "metadata_fingerprint": "-zwXVOVbV0E=",
            "metadata_startup_script": "    #!/bin/bash\n    configure_containerd() {\n      if [ ! -f /etc/modules-load.d/containerd.conf ]; then\n        cat \u003c\u003cEOF | sudo tee /etc/modules-load.d/containerd.conf\noverlay\nbr_netfilter\nEOF\n      fi\n\n      if [ ! -f /etc/sysctl.d/99-kubernetes-cri.conf ]; then\n        cat \u003c\u003cEOF | sudo tee /etc/sysctl.d/99-kubernetes-cri.conf\nnet.bridge.bridge-nf-call-iptables  = 1\nnet.bridge.bridge-nf-call-ip6tables = 1\nnet.ipv4.ip_forward                 = 1\nEOF\n      fi\n\n      sudo modprobe overlay\n      sudo modprobe br_netfilter\n\n      # Reload kernel parameters\n      sudo sysctl --system\n\n      # Configure containerd\n      if [ ! -f /etc/containerd/config.toml ]; then\n        sudo mkdir -p /etc/containerd\n        containerd config default | sudo tee /etc/containerd/config.toml\n        sudo sed -i 's/SystemdCgroup = false/SystemdCgroup = true/g' /etc/containerd/config.toml\n        sudo systemctl restart containerd\n      fi\n    }\n\n    # Remove any preinstalled containerd packages\n    which containerd\n    if [ $? -eq 0 ]; then\n      sudo systemctl stop containerd\n      sudo apt-get remove -y containerd\n      sudo apt-get purge -y containerd\n      sudo apt -y autoremove\n      [ -f /etc/modules-load.d/containerd.conf ] \u0026\u0026 sudo rm /etc/modules-load.d/containerd.conf\n      [ -f /etc/sysctl.d/99-kubernetes-cri.conf ] \u0026\u0026 sudo rm /etc/sysctl.d/99-kubernetes-cri.conf\n      [ -f /etc/containerd/config.toml ] \u0026\u0026 sudo rm /etc/containerd/config.toml\n    else\n      echo \"containerd is not installed.. continuing with installation\"\n    fi\n\n    # Install containerd\n    sudo apt-get update\n    sudo apt-get install -y containerd\n    if [ $? -eq 0 ]; then\n      echo \"containerd installed successfully\"\n      configure_containerd\n    else\n      echo \"Issue with containerd installation - process aborted\"\n      exit 1\n    fi\n\n    # Install Kubernetes Components\n    sudo apt-get install -y apt-transport-https ca-certificates curl gpg\n    curl -fsSL https://pkgs.k8s.io/core:/stable:/v1.29/deb/Release.key | sudo gpg --dearmor -o /etc/apt/keyrings/kubernetes-apt-keyring.gpg\n    echo \"deb [signed-by=/etc/apt/keyrings/kubernetes-apt-keyring.gpg] https://pkgs.k8s.io/core:/stable:/v1.29/deb/ /\" | sudo tee /etc/apt/sources.list.d/kubernetes.list\n    sudo apt-get update\n    sudo apt-get install -y kubelet kubeadm kubectl\n    if [ $? -eq 0 ]; then\n      echo \"Kubernetes components successfully installed\"\n      sudo apt-mark hold kubelet kubeadm kubectl\n    else\n      echo \"Issue installing Kubernetes components - process aborted\"\n      exit 2\n    fi\n",
            "min_cpu_platform": "",
            "name": "kube-worker-node",
            "network_interface": [
              {
                "access_config": [
                  {
                    "nat_ip": "34.133.26.127",
                    "network_tier": "PREMIUM",
                    "public_ptr_domain_name": ""
                  }
                ],
                "alias_ip_range": [],
                "internal_ipv6_prefix_length": 0,
                "ipv6_access_config": [],
                "ipv6_access_type": "",
                "ipv6_address": "",
                "name": "nic0",
                "network": "https://www.googleapis.com/compute/v1/projects/trim-field-426016-a8/global/networks/default",
                "network_ip": "10.128.0.21",
                "nic_type": "",
                "queue_count": 0,
                "stack_type": "IPV4_ONLY",
                "subnetwork": "https://www.googleapis.com/compute/v1/projects/trim-field-426016-a8/regions/us-central1/subnetworks/default",
                "subnetwork_project": "trim-field-426016-a8"
              }
            ],
            "network_performance_config": [],
            "params": [],
            "project": "trim-field-426016-a8",
            "reservation_affinity": [],
            "resource_policies": null,
            "scheduling": [
              {
                "automatic_restart": true,
                "instance_termination_action": "",
                "local_ssd_recovery_timeout": [],
                "max_run_duration": [],
                "min_node_cpus": 0,
                "node_affinities": [],
                "on_host_maintenance": "MIGRATE",
                "on_instance_stop_action": [],
                "preemptible": false,
                "provisioning_model": "STANDARD"
              }
            ],
            "scratch_disk": [],
            "self_link": "https://www.googleapis.com/compute/v1/projects/trim-field-426016-a8/zones/us-central1-a/instances/kube-worker-node",
            "service_account": [],
            "shielded_instance_config": [
              {
                "enable_integrity_monitoring": true,
                "enable_secure_boot": false,
                "enable_vtpm": true
              }
            ],
            "tags": null,
            "tags_fingerprint": "42WmSpB8rSM=",
            "terraform_labels": {
              "goog-terraform-provisioned": "true"
            },
            "timeouts": null,
            "zone": "us-central1-a"
          },
          "sensitive_attributes": [
            [
              {
                "type": "get_attr",
                "value": "boot_disk"
              },
              {
                "type": "index",
                "value": {
                  "value": 0,
                  "type": "number"
                }
              },
              {
                "type": "get_attr",
                "value": "disk_encryption_key_raw"
              }
            ]
          ],
          "private": "eyJlMmJmYjczMC1lY2FhLTExZTYtOGY4OC0zNDM2M2JjN2M0YzAiOnsiY3JlYXRlIjoxMjAwMDAwMDAwMDAwLCJkZWxldGUiOjEyMDAwMDAwMDAwMDAsInVwZGF0ZSI6MTIwMDAwMDAwMDAwMH0sInNjaGVtYV92ZXJzaW9uIjoiNiJ9"
        }
      ]
    }
  ],
  "check_results": null
}
